{
  "version": "5",
  "redirects": {
    "https://esm.sh/@stablelib/base64@^1.0.0?target=denonext": "https://esm.sh/@stablelib/base64@1.0.1?target=denonext",
    "https://esm.sh/fast-sha256@^1.3.0?target=denonext": "https://esm.sh/fast-sha256@1.3.0?target=denonext"
  },
  "remote": {
    "https://esm.sh/@stablelib/base64@1.0.1/denonext/base64.mjs": "34390feb4ceca61c968c8b802f0da0c3e47b55979dfcad2f0b19724264b026ee",
    "https://esm.sh/@stablelib/base64@1.0.1?target=denonext": "d6a21d947314ef3a453f3e0dc95c17b7c5d4ca4a29937f10eea783360a736c51",
    "https://esm.sh/fast-sha256@1.3.0/denonext/fast-sha256.mjs": "bcf37227dddce83918628de1aed52ce77d8211499b3ad06c019cc77e0322c0b2",
    "https://esm.sh/fast-sha256@1.3.0?target=denonext": "e1af1f94f63902ce191180a8ede5eda744b74f6abb885dae5f8b1fd9e13c8575",
    "https://esm.sh/standardwebhooks@1.0.0": "b8cafcb7e9a890c14c0eb74cb093f36333000122e2276cc204818f6a680c8ba9",
    "https://esm.sh/standardwebhooks@1.0.0/denonext/standardwebhooks.mjs": "6e51b5073217b0b65c233748e4d513bbd8659ed1ddeb9adc594aaf1746777645"
  },
  "workspace": {
    "packageJson": {
      "dependencies": [
        "npm:@types/node@^24.3.0",
        "npm:tsx@^4.20.5",
        "npm:turbo@^2.5.6",
        "npm:typescript@^5.9.2",
        "npm:vitest@^3.2.4"
      ]
    }
  }
}
